
Microsoft Visual Studio Solution File, Format Version 12.00
# Visual Studio Version 17
VisualStudioVersion = 17.4.33205.214
MinimumVisualStudioVersion = 10.0.40219.1
Project("{2150E333-8FDC-42A3-9474-1A3956D46DE8}") = "src", "src", "{CE70B926-59AF-439B-BE23-70C6B2C6B518}"
EndProject
Project("{2150E333-8FDC-42A3-9474-1A3956D46DE8}") = "Barista", "Barista", "{011ACFDF-6685-49B6-870A-57B22CA9E212}"
EndProject
Project("{2150E333-8FDC-42A3-9474-1A3956D46DE8}") = "Cashier", "Cashier", "{3974B8E1-A01D-44E5-84B1-C09D73F5643C}"
EndProject
Project("{2150E333-8FDC-42A3-9474-1A3956D46DE8}") = "Manager", "Manager", "{4AC0B228-D6CC-4146-8E8F-9571A50D3CB7}"
EndProject
Project("{9A19103F-16F7-4668-BE54-9A1E7A4F7556}") = "CoffeeShopMicro.Barista.Api", "src\server\CoffeeShopMicro.Barista\CoffeeShopMicro.Barist.Api\CoffeeShopMicro.Barista.Api.csproj", "{153AC444-8AB2-432C-B67C-A4244FBBC5E2}"
EndProject
Project("{9A19103F-16F7-4668-BE54-9A1E7A4F7556}") = "CoffeeShopMicro.Cashier.Api", "src\server\CoffeeShopMicro.Cashier\CoffeeShopMicro.Cashier.Api\CoffeeShopMicro.Cashier.Api.csproj", "{0C691EED-8E10-4EEA-BE21-40A78CA4E906}"
EndProject
Project("{9A19103F-16F7-4668-BE54-9A1E7A4F7556}") = "CoffeeShopMicro.Manager.Api", "src\server\CoffeeShopMicro.Manager\CoffeeShopMicro.Manager.Api\CoffeeShopMicro.Manager.Api.csproj", "{6F02EA78-8CE8-46DB-BAE4-FCBE77521962}"
EndProject
Project("{2150E333-8FDC-42A3-9474-1A3956D46DE8}") = "Menu", "Menu", "{F2E336BA-21DA-477D-9F78-8A1456DEC889}"
EndProject
Project("{9A19103F-16F7-4668-BE54-9A1E7A4F7556}") = "CoffeeShopMicro.Menu.Api", "src\server\CoffeeShopMicro.Menu\CoffeeShopMicro.Menu.Api\CoffeeShopMicro.Menu.Api.csproj", "{4D64D442-7E17-4951-99CC-1F5F279BD45A}"
EndProject
Project("{2150E333-8FDC-42A3-9474-1A3956D46DE8}") = "Order", "Order", "{F9AAFE00-A059-48BC-AF11-857336DA85AA}"
EndProject
Project("{9A19103F-16F7-4668-BE54-9A1E7A4F7556}") = "CoffeeShopMicro.Order.Api", "src\server\CoffeeShopMicro.Order\CoffeeShopMicro.Order.Api\CoffeeShopMicro.Order.Api.csproj", "{5D219EBC-439F-4B5F-A436-6B30EB02F8C5}"
EndProject
Project("{2150E333-8FDC-42A3-9474-1A3956D46DE8}") = "Tab", "Tab", "{4EAD6F72-73D8-43BB-BA16-E701629D6FDD}"
EndProject
Project("{9A19103F-16F7-4668-BE54-9A1E7A4F7556}") = "CoffeeShopMicro.Tab.Api", "src\server\CoffeeShopMicro.Tab\CoffeeShopMicro.Tab.Api\CoffeeShopMicro.Tab.Api.csproj", "{B843C673-7F32-4473-ADA0-447E5E6A1441}"
EndProject
Project("{2150E333-8FDC-42A3-9474-1A3956D46DE8}") = "Table", "Table", "{BFB9B010-9B96-4408-8D37-81ACFA0594C7}"
EndProject
Project("{9A19103F-16F7-4668-BE54-9A1E7A4F7556}") = "CoffeeShopMicro.Table.Api", "src\server\CoffeeShopMicro.Table\CoffeeShopMicro.Table.Api\CoffeeShopMicro.Table.Api.csproj", "{38F7CFAD-5CDB-4445-98C7-2CCADE40E674}"
EndProject
Project("{2150E333-8FDC-42A3-9474-1A3956D46DE8}") = "Waiter", "Waiter", "{DDABEA37-9195-4F1A-BFA3-009EA2D43106}"
EndProject
Project("{9A19103F-16F7-4668-BE54-9A1E7A4F7556}") = "CoffeeShopMicro.Waiter.Api", "src\server\CoffeeShopMicro.Waiter\CoffeeShopMicro.Waiter.Api\CoffeeShopMicro.Waiter.Api.csproj", "{5B81DB36-0918-4C15-9BE9-04AFAEE414B1}"
EndProject
Project("{9A19103F-16F7-4668-BE54-9A1E7A4F7556}") = "CoffeeShopMicro.Barista.Core", "src\server\CoffeeShopMicro.Barista\CoffeeShopMicro.Barista.Core\CoffeeShopMicro.Barista.Core.csproj", "{FD5C5838-F82F-4E53-8846-0454BA4C5B66}"
EndProject
Project("{9A19103F-16F7-4668-BE54-9A1E7A4F7556}") = "CoffeeShopMicro.Barista.Data", "src\server\CoffeeShopMicro.Barista\CoffeeShopMicro.Barista.Data\CoffeeShopMicro.Barista.Data.csproj", "{BEAEC439-3B02-4A85-935B-0C5582F34312}"
EndProject
Project("{9A19103F-16F7-4668-BE54-9A1E7A4F7556}") = "CoffeeShopMicro.Barista.Domain", "src\server\CoffeeShopMicro.Barista\CoffeeShopMicro.Barista.Domain\CoffeeShopMicro.Barista.Domain.csproj", "{52CBDAF9-2230-4CCE-9DF6-FB124968BB08}"
EndProject
Project("{2150E333-8FDC-42A3-9474-1A3956D46DE8}") = "services", "services", "{AABF5295-EF61-460E-B919-CF3CA1EB38EA}"
EndProject
Project("{2150E333-8FDC-42A3-9474-1A3956D46DE8}") = "tools", "tools", "{146BF860-F808-4AC9-AF91-5828536FFE55}"
EndProject
Project("{9A19103F-16F7-4668-BE54-9A1E7A4F7556}") = "CoffeeShopMicro.Tools", "src\server\CoffeeShopMicro.Tools\CoffeeShopMicro.Tools.csproj", "{8486DE11-8BCF-4C9A-A2F3-9CA6D4E9A2F2}"
EndProject
Global
	GlobalSection(SolutionConfigurationPlatforms) = preSolution
		Debug|Any CPU = Debug|Any CPU
		Release|Any CPU = Release|Any CPU
	EndGlobalSection
	GlobalSection(ProjectConfigurationPlatforms) = postSolution
		{153AC444-8AB2-432C-B67C-A4244FBBC5E2}.Debug|Any CPU.ActiveCfg = Debug|Any CPU
		{153AC444-8AB2-432C-B67C-A4244FBBC5E2}.Debug|Any CPU.Build.0 = Debug|Any CPU
		{153AC444-8AB2-432C-B67C-A4244FBBC5E2}.Release|Any CPU.ActiveCfg = Release|Any CPU
		{153AC444-8AB2-432C-B67C-A4244FBBC5E2}.Release|Any CPU.Build.0 = Release|Any CPU
		{0C691EED-8E10-4EEA-BE21-40A78CA4E906}.Debug|Any CPU.ActiveCfg = Debug|Any CPU
		{0C691EED-8E10-4EEA-BE21-40A78CA4E906}.Debug|Any CPU.Build.0 = Debug|Any CPU
		{0C691EED-8E10-4EEA-BE21-40A78CA4E906}.Release|Any CPU.ActiveCfg = Release|Any CPU
		{0C691EED-8E10-4EEA-BE21-40A78CA4E906}.Release|Any CPU.Build.0 = Release|Any CPU
		{6F02EA78-8CE8-46DB-BAE4-FCBE77521962}.Debug|Any CPU.ActiveCfg = Debug|Any CPU
		{6F02EA78-8CE8-46DB-BAE4-FCBE77521962}.Debug|Any CPU.Build.0 = Debug|Any CPU
		{6F02EA78-8CE8-46DB-BAE4-FCBE77521962}.Release|Any CPU.ActiveCfg = Release|Any CPU
		{6F02EA78-8CE8-46DB-BAE4-FCBE77521962}.Release|Any CPU.Build.0 = Release|Any CPU
		{4D64D442-7E17-4951-99CC-1F5F279BD45A}.Debug|Any CPU.ActiveCfg = Debug|Any CPU
		{4D64D442-7E17-4951-99CC-1F5F279BD45A}.Debug|Any CPU.Build.0 = Debug|Any CPU
		{4D64D442-7E17-4951-99CC-1F5F279BD45A}.Release|Any CPU.ActiveCfg = Release|Any CPU
		{4D64D442-7E17-4951-99CC-1F5F279BD45A}.Release|Any CPU.Build.0 = Release|Any CPU
		{5D219EBC-439F-4B5F-A436-6B30EB02F8C5}.Debug|Any CPU.ActiveCfg = Debug|Any CPU
		{5D219EBC-439F-4B5F-A436-6B30EB02F8C5}.Debug|Any CPU.Build.0 = Debug|Any CPU
		{5D219EBC-439F-4B5F-A436-6B30EB02F8C5}.Release|Any CPU.ActiveCfg = Release|Any CPU
		{5D219EBC-439F-4B5F-A436-6B30EB02F8C5}.Release|Any CPU.Build.0 = Release|Any CPU
		{B843C673-7F32-4473-ADA0-447E5E6A1441}.Debug|Any CPU.ActiveCfg = Debug|Any CPU
		{B843C673-7F32-4473-ADA0-447E5E6A1441}.Debug|Any CPU.Build.0 = Debug|Any CPU
		{B843C673-7F32-4473-ADA0-447E5E6A1441}.Release|Any CPU.ActiveCfg = Release|Any CPU
		{B843C673-7F32-4473-ADA0-447E5E6A1441}.Release|Any CPU.Build.0 = Release|Any CPU
		{38F7CFAD-5CDB-4445-98C7-2CCADE40E674}.Debug|Any CPU.ActiveCfg = Debug|Any CPU
		{38F7CFAD-5CDB-4445-98C7-2CCADE40E674}.Debug|Any CPU.Build.0 = Debug|Any CPU
		{38F7CFAD-5CDB-4445-98C7-2CCADE40E674}.Release|Any CPU.ActiveCfg = Release|Any CPU
		{38F7CFAD-5CDB-4445-98C7-2CCADE40E674}.Release|Any CPU.Build.0 = Release|Any CPU
		{5B81DB36-0918-4C15-9BE9-04AFAEE414B1}.Debug|Any CPU.ActiveCfg = Debug|Any CPU
		{5B81DB36-0918-4C15-9BE9-04AFAEE414B1}.Debug|Any CPU.Build.0 = Debug|Any CPU
		{5B81DB36-0918-4C15-9BE9-04AFAEE414B1}.Release|Any CPU.ActiveCfg = Release|Any CPU
		{5B81DB36-0918-4C15-9BE9-04AFAEE414B1}.Release|Any CPU.Build.0 = Release|Any CPU
		{FD5C5838-F82F-4E53-8846-0454BA4C5B66}.Debug|Any CPU.ActiveCfg = Debug|Any CPU
		{FD5C5838-F82F-4E53-8846-0454BA4C5B66}.Debug|Any CPU.Build.0 = Debug|Any CPU
		{FD5C5838-F82F-4E53-8846-0454BA4C5B66}.Release|Any CPU.ActiveCfg = Release|Any CPU
		{FD5C5838-F82F-4E53-8846-0454BA4C5B66}.Release|Any CPU.Build.0 = Release|Any CPU
		{BEAEC439-3B02-4A85-935B-0C5582F34312}.Debug|Any CPU.ActiveCfg = Debug|Any CPU
		{BEAEC439-3B02-4A85-935B-0C5582F34312}.Debug|Any CPU.Build.0 = Debug|Any CPU
		{BEAEC439-3B02-4A85-935B-0C5582F34312}.Release|Any CPU.ActiveCfg = Release|Any CPU
		{BEAEC439-3B02-4A85-935B-0C5582F34312}.Release|Any CPU.Build.0 = Release|Any CPU
		{52CBDAF9-2230-4CCE-9DF6-FB124968BB08}.Debug|Any CPU.ActiveCfg = Debug|Any CPU
		{52CBDAF9-2230-4CCE-9DF6-FB124968BB08}.Debug|Any CPU.Build.0 = Debug|Any CPU
		{52CBDAF9-2230-4CCE-9DF6-FB124968BB08}.Release|Any CPU.ActiveCfg = Release|Any CPU
		{52CBDAF9-2230-4CCE-9DF6-FB124968BB08}.Release|Any CPU.Build.0 = Release|Any CPU
		{8486DE11-8BCF-4C9A-A2F3-9CA6D4E9A2F2}.Debug|Any CPU.ActiveCfg = Debug|Any CPU
		{8486DE11-8BCF-4C9A-A2F3-9CA6D4E9A2F2}.Debug|Any CPU.Build.0 = Debug|Any CPU
		{8486DE11-8BCF-4C9A-A2F3-9CA6D4E9A2F2}.Release|Any CPU.ActiveCfg = Release|Any CPU
		{8486DE11-8BCF-4C9A-A2F3-9CA6D4E9A2F2}.Release|Any CPU.Build.0 = Release|Any CPU
	EndGlobalSection
	GlobalSection(SolutionProperties) = preSolution
		HideSolutionNode = FALSE
	EndGlobalSection
	GlobalSection(NestedProjects) = preSolution
		{011ACFDF-6685-49B6-870A-57B22CA9E212} = {AABF5295-EF61-460E-B919-CF3CA1EB38EA}
		{3974B8E1-A01D-44E5-84B1-C09D73F5643C} = {AABF5295-EF61-460E-B919-CF3CA1EB38EA}
		{4AC0B228-D6CC-4146-8E8F-9571A50D3CB7} = {AABF5295-EF61-460E-B919-CF3CA1EB38EA}
		{153AC444-8AB2-432C-B67C-A4244FBBC5E2} = {011ACFDF-6685-49B6-870A-57B22CA9E212}
		{0C691EED-8E10-4EEA-BE21-40A78CA4E906} = {3974B8E1-A01D-44E5-84B1-C09D73F5643C}
		{6F02EA78-8CE8-46DB-BAE4-FCBE77521962} = {4AC0B228-D6CC-4146-8E8F-9571A50D3CB7}
		{F2E336BA-21DA-477D-9F78-8A1456DEC889} = {AABF5295-EF61-460E-B919-CF3CA1EB38EA}
		{4D64D442-7E17-4951-99CC-1F5F279BD45A} = {F2E336BA-21DA-477D-9F78-8A1456DEC889}
		{F9AAFE00-A059-48BC-AF11-857336DA85AA} = {AABF5295-EF61-460E-B919-CF3CA1EB38EA}
		{5D219EBC-439F-4B5F-A436-6B30EB02F8C5} = {F9AAFE00-A059-48BC-AF11-857336DA85AA}
		{4EAD6F72-73D8-43BB-BA16-E701629D6FDD} = {AABF5295-EF61-460E-B919-CF3CA1EB38EA}
		{B843C673-7F32-4473-ADA0-447E5E6A1441} = {4EAD6F72-73D8-43BB-BA16-E701629D6FDD}
		{BFB9B010-9B96-4408-8D37-81ACFA0594C7} = {AABF5295-EF61-460E-B919-CF3CA1EB38EA}
		{38F7CFAD-5CDB-4445-98C7-2CCADE40E674} = {BFB9B010-9B96-4408-8D37-81ACFA0594C7}
		{DDABEA37-9195-4F1A-BFA3-009EA2D43106} = {AABF5295-EF61-460E-B919-CF3CA1EB38EA}
		{5B81DB36-0918-4C15-9BE9-04AFAEE414B1} = {DDABEA37-9195-4F1A-BFA3-009EA2D43106}
		{FD5C5838-F82F-4E53-8846-0454BA4C5B66} = {011ACFDF-6685-49B6-870A-57B22CA9E212}
		{BEAEC439-3B02-4A85-935B-0C5582F34312} = {011ACFDF-6685-49B6-870A-57B22CA9E212}
		{52CBDAF9-2230-4CCE-9DF6-FB124968BB08} = {011ACFDF-6685-49B6-870A-57B22CA9E212}
		{AABF5295-EF61-460E-B919-CF3CA1EB38EA} = {CE70B926-59AF-439B-BE23-70C6B2C6B518}
		{146BF860-F808-4AC9-AF91-5828536FFE55} = {CE70B926-59AF-439B-BE23-70C6B2C6B518}
		{8486DE11-8BCF-4C9A-A2F3-9CA6D4E9A2F2} = {146BF860-F808-4AC9-AF91-5828536FFE55}
	EndGlobalSection
	GlobalSection(ExtensibilityGlobals) = postSolution
		SolutionGuid = {26E787F5-E3E3-4D99-91AB-5BCD0F2EF798}
	EndGlobalSection
EndGlobal
